
Microsoft Visual Studio Solution File, Format Version 12.00
# Visual Studio Version 17
VisualStudioVersion = 17.14.36616.10 d17.14
MinimumVisualStudioVersion = 10.0.40219.1
Project("{FAE04EC0-301F-11D3-BF4B-00C04F79EFBC}") = "schedule", "schedule.csproj", "{DAFCE865-F25D-47E1-AD9B-DB9DCDF281EC}"
EndProject
Global
	GlobalSection(SolutionConfigurationPlatforms) = preSolution
		Debug|Any CPU = Debug|Any CPU
		Release|Any CPU = Release|Any CPU
	EndGlobalSection
	GlobalSection(ProjectConfigurationPlatforms) = postSolution
		{DAFCE865-F25D-47E1-AD9B-DB9DCDF281EC}.Debug|Any CPU.ActiveCfg = Debug|Any CPU
		{DAFCE865-F25D-47E1-AD9B-DB9DCDF281EC}.Debug|Any CPU.Build.0 = Debug|Any CPU
		{DAFCE865-F25D-47E1-AD9B-DB9DCDF281EC}.Release|Any CPU.ActiveCfg = Release|Any CPU
		{DAFCE865-F25D-47E1-AD9B-DB9DCDF281EC}.Release|Any CPU.Build.0 = Release|Any CPU
	EndGlobalSection
	GlobalSection(SolutionProperties) = preSolution
		HideSolutionNode = FALSE
	EndGlobalSection
	GlobalSection(ExtensibilityGlobals) = postSolution
		SolutionGuid = {979689F6-0067-4B8E-9F44-FECA61884E9E}
	EndGlobalSection
EndGlobal
